
Microsoft Visual Studio Solution File, Format Version 12.00
# Visual Studio Version 17
VisualStudioVersion = 17.12.35506.116
MinimumVisualStudioVersion = 10.0.40219.1
Project("{2150E333-8FDC-42A3-9474-1A3956D46DE8}") = "Task0", "Task0", "{7860F0FC-CCA0-4966-A8D3-025F8742F4DF}"
EndProject
Project("{FAE04EC0-301F-11D3-BF4B-00C04F79EFBC}") = "Tyuiu.ShabalinaYP.Sprint5.Task0.V18", "Tyuiu.ShabalinaYP.Sprint5.Task0.V18\Tyuiu.ShabalinaYP.Sprint5.Task0.V18.csproj", "{251500E0-3318-4B59-B165-A4895E58B54F}"
EndProject
Project("{FAE04EC0-301F-11D3-BF4B-00C04F79EFBC}") = "Tyuiu.ShabalinaYP.Sprint5.Task0.V18.Lib", "Tyuiu.ShabalinaYP.Sprint5.Task0.V18.Lib\Tyuiu.ShabalinaYP.Sprint5.Task0.V18.Lib.csproj", "{90111E31-C142-42D9-986B-39EE784B7914}"
EndProject
Project("{FAE04EC0-301F-11D3-BF4B-00C04F79EFBC}") = "Tyuiu.ShabalinaYP.Sprint5.Task0.V18.Test", "Tyuiu.ShabalinaYP.Sprint5.Task0.V18.Test\Tyuiu.ShabalinaYP.Sprint5.Task0.V18.Test.csproj", "{FA5FF109-579C-40DF-AEB8-1D18C2B0BE5F}"
EndProject
Project("{2150E333-8FDC-42A3-9474-1A3956D46DE8}") = "Task1", "Task1", "{9612C616-798E-4C99-9314-870398DDB54D}"
EndProject
Project("{FAE04EC0-301F-11D3-BF4B-00C04F79EFBC}") = "Tyuiu.ShabalinaYP.Sprint5.Task1.V15", "Tyuiu.ShabalinaYP.Sprint5.Task1.V15\Tyuiu.ShabalinaYP.Sprint5.Task1.V15.csproj", "{A7848646-90A9-40A4-8786-002A5840C0EC}"
EndProject
Project("{FAE04EC0-301F-11D3-BF4B-00C04F79EFBC}") = "Tyuiu.ShabalinaYP.Sprint5.Task1.V15.Lib", "Tyuiu.ShabalinaYP.Sprint5.Task1.V15.Lib\Tyuiu.ShabalinaYP.Sprint5.Task1.V15.Lib.csproj", "{B6D50622-5202-40EB-9D64-5906FE0261A9}"
EndProject
Project("{FAE04EC0-301F-11D3-BF4B-00C04F79EFBC}") = "Tyuiu.ShabalinaYP.Sprint5.Task1.V15.Test", "Tyuiu.ShabalinaYP.Sprint5.Task1.V15.Test\Tyuiu.ShabalinaYP.Sprint5.Task1.V15.Test.csproj", "{108565D2-7565-413F-8AB7-C8EBD1203F5F}"
EndProject
Project("{2150E333-8FDC-42A3-9474-1A3956D46DE8}") = "Task2", "Task2", "{D238C97B-0E17-456B-9740-539C3F8661E4}"
EndProject
Project("{FAE04EC0-301F-11D3-BF4B-00C04F79EFBC}") = "Tyuiu.ShabalinaYP.Sprint5.Task2.V22", "Tyuiu.ShabalinaYP.Sprint5.Task2.V22\Tyuiu.ShabalinaYP.Sprint5.Task2.V22.csproj", "{E598AB9F-9D1D-4C86-88F5-A08506B30A90}"
EndProject
Project("{FAE04EC0-301F-11D3-BF4B-00C04F79EFBC}") = "Tyuiu.ShabalinaYP.Sprint5.Task2.V22.Lib", "Tyuiu.ShabalinaYP.Sprint5.Task2.V22.Lib\Tyuiu.ShabalinaYP.Sprint5.Task2.V22.Lib.csproj", "{0DC6644F-A73F-4F47-9E86-831C3D2EBDC3}"
EndProject
Project("{FAE04EC0-301F-11D3-BF4B-00C04F79EFBC}") = "Tyuiu.ShabalinaYP.Sprint5.Task2.V22.Test", "Tyuiu.ShabalinaYP.Sprint5.Task2.V22.Test\Tyuiu.ShabalinaYP.Sprint5.Task2.V22.Test.csproj", "{D6E92D3D-35A5-4CD8-A867-D20F157A8F80}"
EndProject
Project("{2150E333-8FDC-42A3-9474-1A3956D46DE8}") = "Task3", "Task3", "{71EE6170-3EA4-4536-A910-63B2A422FF50}"
EndProject
Project("{FAE04EC0-301F-11D3-BF4B-00C04F79EFBC}") = "Tyuiu.ShabalinaYP.Sprint5.Task3.V8", "Tyuiu.ShabalinaYP.Sprint5.Task3.V8\Tyuiu.ShabalinaYP.Sprint5.Task3.V8.csproj", "{981FE447-5A72-49E8-ADCB-F72BE1322F0F}"
EndProject
Project("{FAE04EC0-301F-11D3-BF4B-00C04F79EFBC}") = "Tyuiu.ShabalinaYP.Sprint5.Task3.V8.Lib", "Tyuiu.ShabalinaYP.Sprint5.Task3.V8.Lib\Tyuiu.ShabalinaYP.Sprint5.Task3.V8.Lib.csproj", "{512A5ECA-5D88-4777-A964-9FCEBA3F1B17}"
EndProject
Project("{FAE04EC0-301F-11D3-BF4B-00C04F79EFBC}") = "Tyuiu.ShabalinaYP.Sprint5.Task3.V8.Test", "Tyuiu.ShabalinaYP.Sprint5.Task3.V8.Test\Tyuiu.ShabalinaYP.Sprint5.Task3.V8.Test.csproj", "{7D9491B5-AB32-4057-97D1-62FD9055D006}"
EndProject
Project("{2150E333-8FDC-42A3-9474-1A3956D46DE8}") = "Task4", "Task4", "{52B2BB5E-F981-49E9-818B-49790497AA94}"
EndProject
Project("{FAE04EC0-301F-11D3-BF4B-00C04F79EFBC}") = "Tyuiu.ShabalinaYP.Sprint5.Task4.V18", "Tyuiu.ShabalinaYP.Sprint5.Task4.V18\Tyuiu.ShabalinaYP.Sprint5.Task4.V18.csproj", "{793F43FC-7519-4AB4-975F-20E9C0E5F615}"
EndProject
Project("{FAE04EC0-301F-11D3-BF4B-00C04F79EFBC}") = "Tyuiu.ShabalinaYP.Sprint5.Task4.V18.Lib", "Tyuiu.ShabalinaYP.Sprint5.Task4.V18.Lib\Tyuiu.ShabalinaYP.Sprint5.Task4.V18.Lib.csproj", "{0D802AF2-5D66-4019-9146-9341D9B0DB10}"
EndProject
Project("{FAE04EC0-301F-11D3-BF4B-00C04F79EFBC}") = "Tyuiu.ShabalinaYP.Sprint5.Task4.V18.Test", "Tyuiu.ShabalinaYP.Sprint5.Task4.V18.Test\Tyuiu.ShabalinaYP.Sprint5.Task4.V18.Test.csproj", "{108F58F1-DA98-4BF3-B820-3B1B1756E6A9}"
EndProject
Project("{2150E333-8FDC-42A3-9474-1A3956D46DE8}") = "Task5", "Task5", "{BE0E3119-4157-4768-9943-80EFDEFCBB6D}"
EndProject
Project("{FAE04EC0-301F-11D3-BF4B-00C04F79EFBC}") = "Tyuiu.ShabalinaYP.Sprint5.Task5.V23", "Tyuiu.ShabalinaYP.Sprint5.Task5.V23\Tyuiu.ShabalinaYP.Sprint5.Task5.V23.csproj", "{6EC87E94-7E06-414F-A5BA-930E524B8A3C}"
EndProject
Project("{FAE04EC0-301F-11D3-BF4B-00C04F79EFBC}") = "Tyuiu.ShabalinaYP.Sprint5.Task5.V23.Lib", "Tyuiu.ShabalinaYP.Sprint5.Task5.V23.Lib\Tyuiu.ShabalinaYP.Sprint5.Task5.V23.Lib.csproj", "{B20881F0-2B7D-4129-BA51-7A26B0CF8B70}"
EndProject
Project("{FAE04EC0-301F-11D3-BF4B-00C04F79EFBC}") = "Tyuiu.ShabalinaYP.Sprint5.Task5.V23.Test", "Tyuiu.ShabalinaYP.Sprint5.Task5.V23.Test\Tyuiu.ShabalinaYP.Sprint5.Task5.V23.Test.csproj", "{52355C73-1BA0-4B0B-9DD7-0910717A2FEC}"
EndProject
Project("{2150E333-8FDC-42A3-9474-1A3956D46DE8}") = "Task6", "Task6", "{D0EA0994-A62B-4399-91EF-710C0AEFDD7A}"
EndProject
Project("{FAE04EC0-301F-11D3-BF4B-00C04F79EFBC}") = "Tyuiu.ShabalinaYP.Sprint5.Task6.V17", "Tyuiu.ShabalinaYP.Sprint5.Task6.V17\Tyuiu.ShabalinaYP.Sprint5.Task6.V17.csproj", "{C2C3A684-11F8-4900-A780-143A434FF41C}"
EndProject
Project("{FAE04EC0-301F-11D3-BF4B-00C04F79EFBC}") = "Tyuiu.ShabalinaYP.Sprint5.Task6.V17.Lib", "Tyuiu.ShabalinaYP.Sprint5.Task6.V17.Lib\Tyuiu.ShabalinaYP.Sprint5.Task6.V17.Lib.csproj", "{36C8FFDD-D392-42DF-A9A8-68236CC76E88}"
EndProject
Project("{FAE04EC0-301F-11D3-BF4B-00C04F79EFBC}") = "Tyuiu.ShabalinaYP.Sprint5.Task6.V17.Test", "Tyuiu.ShabalinaYP.Sprint5.Task6.V17.Test\Tyuiu.ShabalinaYP.Sprint5.Task6.V17.Test.csproj", "{C0836BDD-5BF2-4217-8EBD-570F16995A8B}"
EndProject
Global
	GlobalSection(SolutionConfigurationPlatforms) = preSolution
		Debug|Any CPU = Debug|Any CPU
		Release|Any CPU = Release|Any CPU
	EndGlobalSection
	GlobalSection(ProjectConfigurationPlatforms) = postSolution
		{251500E0-3318-4B59-B165-A4895E58B54F}.Debug|Any CPU.ActiveCfg = Debug|Any CPU
		{251500E0-3318-4B59-B165-A4895E58B54F}.Debug|Any CPU.Build.0 = Debug|Any CPU
		{251500E0-3318-4B59-B165-A4895E58B54F}.Release|Any CPU.ActiveCfg = Release|Any CPU
		{251500E0-3318-4B59-B165-A4895E58B54F}.Release|Any CPU.Build.0 = Release|Any CPU
		{90111E31-C142-42D9-986B-39EE784B7914}.Debug|Any CPU.ActiveCfg = Debug|Any CPU
		{90111E31-C142-42D9-986B-39EE784B7914}.Debug|Any CPU.Build.0 = Debug|Any CPU
		{90111E31-C142-42D9-986B-39EE784B7914}.Release|Any CPU.ActiveCfg = Release|Any CPU
		{90111E31-C142-42D9-986B-39EE784B7914}.Release|Any CPU.Build.0 = Release|Any CPU
		{FA5FF109-579C-40DF-AEB8-1D18C2B0BE5F}.Debug|Any CPU.ActiveCfg = Debug|Any CPU
		{FA5FF109-579C-40DF-AEB8-1D18C2B0BE5F}.Debug|Any CPU.Build.0 = Debug|Any CPU
		{FA5FF109-579C-40DF-AEB8-1D18C2B0BE5F}.Release|Any CPU.ActiveCfg = Release|Any CPU
		{FA5FF109-579C-40DF-AEB8-1D18C2B0BE5F}.Release|Any CPU.Build.0 = Release|Any CPU
		{A7848646-90A9-40A4-8786-002A5840C0EC}.Debug|Any CPU.ActiveCfg = Debug|Any CPU
		{A7848646-90A9-40A4-8786-002A5840C0EC}.Debug|Any CPU.Build.0 = Debug|Any CPU
		{A7848646-90A9-40A4-8786-002A5840C0EC}.Release|Any CPU.ActiveCfg = Release|Any CPU
		{A7848646-90A9-40A4-8786-002A5840C0EC}.Release|Any CPU.Build.0 = Release|Any CPU
		{B6D50622-5202-40EB-9D64-5906FE0261A9}.Debug|Any CPU.ActiveCfg = Debug|Any CPU
		{B6D50622-5202-40EB-9D64-5906FE0261A9}.Debug|Any CPU.Build.0 = Debug|Any CPU
		{B6D50622-5202-40EB-9D64-5906FE0261A9}.Release|Any CPU.ActiveCfg = Release|Any CPU
		{B6D50622-5202-40EB-9D64-5906FE0261A9}.Release|Any CPU.Build.0 = Release|Any CPU
		{108565D2-7565-413F-8AB7-C8EBD1203F5F}.Debug|Any CPU.ActiveCfg = Debug|Any CPU
		{108565D2-7565-413F-8AB7-C8EBD1203F5F}.Debug|Any CPU.Build.0 = Debug|Any CPU
		{108565D2-7565-413F-8AB7-C8EBD1203F5F}.Release|Any CPU.ActiveCfg = Release|Any CPU
		{108565D2-7565-413F-8AB7-C8EBD1203F5F}.Release|Any CPU.Build.0 = Release|Any CPU
		{E598AB9F-9D1D-4C86-88F5-A08506B30A90}.Debug|Any CPU.ActiveCfg = Debug|Any CPU
		{E598AB9F-9D1D-4C86-88F5-A08506B30A90}.Debug|Any CPU.Build.0 = Debug|Any CPU
		{E598AB9F-9D1D-4C86-88F5-A08506B30A90}.Release|Any CPU.ActiveCfg = Release|Any CPU
		{E598AB9F-9D1D-4C86-88F5-A08506B30A90}.Release|Any CPU.Build.0 = Release|Any CPU
		{0DC6644F-A73F-4F47-9E86-831C3D2EBDC3}.Debug|Any CPU.ActiveCfg = Debug|Any CPU
		{0DC6644F-A73F-4F47-9E86-831C3D2EBDC3}.Debug|Any CPU.Build.0 = Debug|Any CPU
		{0DC6644F-A73F-4F47-9E86-831C3D2EBDC3}.Release|Any CPU.ActiveCfg = Release|Any CPU
		{0DC6644F-A73F-4F47-9E86-831C3D2EBDC3}.Release|Any CPU.Build.0 = Release|Any CPU
		{D6E92D3D-35A5-4CD8-A867-D20F157A8F80}.Debug|Any CPU.ActiveCfg = Debug|Any CPU
		{D6E92D3D-35A5-4CD8-A867-D20F157A8F80}.Debug|Any CPU.Build.0 = Debug|Any CPU
		{D6E92D3D-35A5-4CD8-A867-D20F157A8F80}.Release|Any CPU.ActiveCfg = Release|Any CPU
		{D6E92D3D-35A5-4CD8-A867-D20F157A8F80}.Release|Any CPU.Build.0 = Release|Any CPU
		{981FE447-5A72-49E8-ADCB-F72BE1322F0F}.Debug|Any CPU.ActiveCfg = Debug|Any CPU
		{981FE447-5A72-49E8-ADCB-F72BE1322F0F}.Debug|Any CPU.Build.0 = Debug|Any CPU
		{981FE447-5A72-49E8-ADCB-F72BE1322F0F}.Release|Any CPU.ActiveCfg = Release|Any CPU
		{981FE447-5A72-49E8-ADCB-F72BE1322F0F}.Release|Any CPU.Build.0 = Release|Any CPU
		{512A5ECA-5D88-4777-A964-9FCEBA3F1B17}.Debug|Any CPU.ActiveCfg = Debug|Any CPU
		{512A5ECA-5D88-4777-A964-9FCEBA3F1B17}.Debug|Any CPU.Build.0 = Debug|Any CPU
		{512A5ECA-5D88-4777-A964-9FCEBA3F1B17}.Release|Any CPU.ActiveCfg = Release|Any CPU
		{512A5ECA-5D88-4777-A964-9FCEBA3F1B17}.Release|Any CPU.Build.0 = Release|Any CPU
		{7D9491B5-AB32-4057-97D1-62FD9055D006}.Debug|Any CPU.ActiveCfg = Debug|Any CPU
		{7D9491B5-AB32-4057-97D1-62FD9055D006}.Debug|Any CPU.Build.0 = Debug|Any CPU
		{7D9491B5-AB32-4057-97D1-62FD9055D006}.Release|Any CPU.ActiveCfg = Release|Any CPU
		{7D9491B5-AB32-4057-97D1-62FD9055D006}.Release|Any CPU.Build.0 = Release|Any CPU
		{793F43FC-7519-4AB4-975F-20E9C0E5F615}.Debug|Any CPU.ActiveCfg = Debug|Any CPU
		{793F43FC-7519-4AB4-975F-20E9C0E5F615}.Debug|Any CPU.Build.0 = Debug|Any CPU
		{793F43FC-7519-4AB4-975F-20E9C0E5F615}.Release|Any CPU.ActiveCfg = Release|Any CPU
		{793F43FC-7519-4AB4-975F-20E9C0E5F615}.Release|Any CPU.Build.0 = Release|Any CPU
		{0D802AF2-5D66-4019-9146-9341D9B0DB10}.Debug|Any CPU.ActiveCfg = Debug|Any CPU
		{0D802AF2-5D66-4019-9146-9341D9B0DB10}.Debug|Any CPU.Build.0 = Debug|Any CPU
		{0D802AF2-5D66-4019-9146-9341D9B0DB10}.Release|Any CPU.ActiveCfg = Release|Any CPU
		{0D802AF2-5D66-4019-9146-9341D9B0DB10}.Release|Any CPU.Build.0 = Release|Any CPU
		{108F58F1-DA98-4BF3-B820-3B1B1756E6A9}.Debug|Any CPU.ActiveCfg = Debug|Any CPU
		{108F58F1-DA98-4BF3-B820-3B1B1756E6A9}.Debug|Any CPU.Build.0 = Debug|Any CPU
		{108F58F1-DA98-4BF3-B820-3B1B1756E6A9}.Release|Any CPU.ActiveCfg = Release|Any CPU
		{108F58F1-DA98-4BF3-B820-3B1B1756E6A9}.Release|Any CPU.Build.0 = Release|Any CPU
		{6EC87E94-7E06-414F-A5BA-930E524B8A3C}.Debug|Any CPU.ActiveCfg = Debug|Any CPU
		{6EC87E94-7E06-414F-A5BA-930E524B8A3C}.Debug|Any CPU.Build.0 = Debug|Any CPU
		{6EC87E94-7E06-414F-A5BA-930E524B8A3C}.Release|Any CPU.ActiveCfg = Release|Any CPU
		{6EC87E94-7E06-414F-A5BA-930E524B8A3C}.Release|Any CPU.Build.0 = Release|Any CPU
		{B20881F0-2B7D-4129-BA51-7A26B0CF8B70}.Debug|Any CPU.ActiveCfg = Debug|Any CPU
		{B20881F0-2B7D-4129-BA51-7A26B0CF8B70}.Debug|Any CPU.Build.0 = Debug|Any CPU
		{B20881F0-2B7D-4129-BA51-7A26B0CF8B70}.Release|Any CPU.ActiveCfg = Release|Any CPU
		{B20881F0-2B7D-4129-BA51-7A26B0CF8B70}.Release|Any CPU.Build.0 = Release|Any CPU
		{52355C73-1BA0-4B0B-9DD7-0910717A2FEC}.Debug|Any CPU.ActiveCfg = Debug|Any CPU
		{52355C73-1BA0-4B0B-9DD7-0910717A2FEC}.Debug|Any CPU.Build.0 = Debug|Any CPU
		{52355C73-1BA0-4B0B-9DD7-0910717A2FEC}.Release|Any CPU.ActiveCfg = Release|Any CPU
		{52355C73-1BA0-4B0B-9DD7-0910717A2FEC}.Release|Any CPU.Build.0 = Release|Any CPU
		{C2C3A684-11F8-4900-A780-143A434FF41C}.Debug|Any CPU.ActiveCfg = Debug|Any CPU
		{C2C3A684-11F8-4900-A780-143A434FF41C}.Debug|Any CPU.Build.0 = Debug|Any CPU
		{C2C3A684-11F8-4900-A780-143A434FF41C}.Release|Any CPU.ActiveCfg = Release|Any CPU
		{C2C3A684-11F8-4900-A780-143A434FF41C}.Release|Any CPU.Build.0 = Release|Any CPU
		{36C8FFDD-D392-42DF-A9A8-68236CC76E88}.Debug|Any CPU.ActiveCfg = Debug|Any CPU
		{36C8FFDD-D392-42DF-A9A8-68236CC76E88}.Debug|Any CPU.Build.0 = Debug|Any CPU
		{36C8FFDD-D392-42DF-A9A8-68236CC76E88}.Release|Any CPU.ActiveCfg = Release|Any CPU
		{36C8FFDD-D392-42DF-A9A8-68236CC76E88}.Release|Any CPU.Build.0 = Release|Any CPU
		{C0836BDD-5BF2-4217-8EBD-570F16995A8B}.Debug|Any CPU.ActiveCfg = Debug|Any CPU
		{C0836BDD-5BF2-4217-8EBD-570F16995A8B}.Debug|Any CPU.Build.0 = Debug|Any CPU
		{C0836BDD-5BF2-4217-8EBD-570F16995A8B}.Release|Any CPU.ActiveCfg = Release|Any CPU
		{C0836BDD-5BF2-4217-8EBD-570F16995A8B}.Release|Any CPU.Build.0 = Release|Any CPU
	EndGlobalSection
	GlobalSection(SolutionProperties) = preSolution
		HideSolutionNode = FALSE
	EndGlobalSection
	GlobalSection(NestedProjects) = preSolution
		{251500E0-3318-4B59-B165-A4895E58B54F} = {7860F0FC-CCA0-4966-A8D3-025F8742F4DF}
		{90111E31-C142-42D9-986B-39EE784B7914} = {7860F0FC-CCA0-4966-A8D3-025F8742F4DF}
		{FA5FF109-579C-40DF-AEB8-1D18C2B0BE5F} = {7860F0FC-CCA0-4966-A8D3-025F8742F4DF}
		{A7848646-90A9-40A4-8786-002A5840C0EC} = {9612C616-798E-4C99-9314-870398DDB54D}
		{B6D50622-5202-40EB-9D64-5906FE0261A9} = {9612C616-798E-4C99-9314-870398DDB54D}
		{108565D2-7565-413F-8AB7-C8EBD1203F5F} = {9612C616-798E-4C99-9314-870398DDB54D}
		{E598AB9F-9D1D-4C86-88F5-A08506B30A90} = {D238C97B-0E17-456B-9740-539C3F8661E4}
		{0DC6644F-A73F-4F47-9E86-831C3D2EBDC3} = {D238C97B-0E17-456B-9740-539C3F8661E4}
		{D6E92D3D-35A5-4CD8-A867-D20F157A8F80} = {D238C97B-0E17-456B-9740-539C3F8661E4}
		{981FE447-5A72-49E8-ADCB-F72BE1322F0F} = {71EE6170-3EA4-4536-A910-63B2A422FF50}
		{512A5ECA-5D88-4777-A964-9FCEBA3F1B17} = {71EE6170-3EA4-4536-A910-63B2A422FF50}
		{7D9491B5-AB32-4057-97D1-62FD9055D006} = {71EE6170-3EA4-4536-A910-63B2A422FF50}
		{793F43FC-7519-4AB4-975F-20E9C0E5F615} = {52B2BB5E-F981-49E9-818B-49790497AA94}
		{0D802AF2-5D66-4019-9146-9341D9B0DB10} = {52B2BB5E-F981-49E9-818B-49790497AA94}
		{108F58F1-DA98-4BF3-B820-3B1B1756E6A9} = {52B2BB5E-F981-49E9-818B-49790497AA94}
		{6EC87E94-7E06-414F-A5BA-930E524B8A3C} = {BE0E3119-4157-4768-9943-80EFDEFCBB6D}
		{B20881F0-2B7D-4129-BA51-7A26B0CF8B70} = {BE0E3119-4157-4768-9943-80EFDEFCBB6D}
		{52355C73-1BA0-4B0B-9DD7-0910717A2FEC} = {BE0E3119-4157-4768-9943-80EFDEFCBB6D}
		{C2C3A684-11F8-4900-A780-143A434FF41C} = {D0EA0994-A62B-4399-91EF-710C0AEFDD7A}
		{36C8FFDD-D392-42DF-A9A8-68236CC76E88} = {D0EA0994-A62B-4399-91EF-710C0AEFDD7A}
		{C0836BDD-5BF2-4217-8EBD-570F16995A8B} = {D0EA0994-A62B-4399-91EF-710C0AEFDD7A}
	EndGlobalSection
EndGlobal
