
Microsoft Visual Studio Solution File, Format Version 12.00
# Visual Studio Version 17
VisualStudioVersion = 17.12.35506.116
MinimumVisualStudioVersion = 10.0.40219.1
Project("{2150E333-8FDC-42A3-9474-1A3956D46DE8}") = "Task0", "Task0", "{7860F0FC-CCA0-4966-A8D3-025F8742F4DF}"
EndProject
Project("{FAE04EC0-301F-11D3-BF4B-00C04F79EFBC}") = "Tyuiu.ShabalinaYP.Sprint5.Task0.V18", "Tyuiu.ShabalinaYP.Sprint5.Task0.V18\Tyuiu.ShabalinaYP.Sprint5.Task0.V18.csproj", "{251500E0-3318-4B59-B165-A4895E58B54F}"
EndProject
Project("{FAE04EC0-301F-11D3-BF4B-00C04F79EFBC}") = "Tyuiu.ShabalinaYP.Sprint5.Task0.V18.Lib", "Tyuiu.ShabalinaYP.Sprint5.Task0.V18.Lib\Tyuiu.ShabalinaYP.Sprint5.Task0.V18.Lib.csproj", "{90111E31-C142-42D9-986B-39EE784B7914}"
EndProject
Project("{FAE04EC0-301F-11D3-BF4B-00C04F79EFBC}") = "Tyuiu.ShabalinaYP.Sprint5.Task0.V18.Test", "Tyuiu.ShabalinaYP.Sprint5.Task0.V18.Test\Tyuiu.ShabalinaYP.Sprint5.Task0.V18.Test.csproj", "{FA5FF109-579C-40DF-AEB8-1D18C2B0BE5F}"
EndProject
Project("{2150E333-8FDC-42A3-9474-1A3956D46DE8}") = "Task1", "Task1", "{9612C616-798E-4C99-9314-870398DDB54D}"
EndProject
Project("{FAE04EC0-301F-11D3-BF4B-00C04F79EFBC}") = "Tyuiu.ShabalinaYP.Sprint5.Task1.V15", "Tyuiu.ShabalinaYP.Sprint5.Task1.V15\Tyuiu.ShabalinaYP.Sprint5.Task1.V15.csproj", "{A7848646-90A9-40A4-8786-002A5840C0EC}"
EndProject
Project("{FAE04EC0-301F-11D3-BF4B-00C04F79EFBC}") = "Tyuiu.ShabalinaYP.Sprint5.Task1.V15.Lib", "Tyuiu.ShabalinaYP.Sprint5.Task1.V15.Lib\Tyuiu.ShabalinaYP.Sprint5.Task1.V15.Lib.csproj", "{B6D50622-5202-40EB-9D64-5906FE0261A9}"
EndProject
Project("{FAE04EC0-301F-11D3-BF4B-00C04F79EFBC}") = "Tyuiu.ShabalinaYP.Sprint5.Task1.V15.Test", "Tyuiu.ShabalinaYP.Sprint5.Task1.V15.Test\Tyuiu.ShabalinaYP.Sprint5.Task1.V15.Test.csproj", "{108565D2-7565-413F-8AB7-C8EBD1203F5F}"
EndProject
Project("{2150E333-8FDC-42A3-9474-1A3956D46DE8}") = "Task2", "Task2", "{D238C97B-0E17-456B-9740-539C3F8661E4}"
EndProject
Project("{FAE04EC0-301F-11D3-BF4B-00C04F79EFBC}") = "Tyuiu.ShabalinaYP.Sprint5.Task2.V22", "Tyuiu.ShabalinaYP.Sprint5.Task2.V22\Tyuiu.ShabalinaYP.Sprint5.Task2.V22.csproj", "{E598AB9F-9D1D-4C86-88F5-A08506B30A90}"
EndProject
Project("{FAE04EC0-301F-11D3-BF4B-00C04F79EFBC}") = "Tyuiu.ShabalinaYP.Sprint5.Task2.V22.Lib", "Tyuiu.ShabalinaYP.Sprint5.Task2.V22.Lib\Tyuiu.ShabalinaYP.Sprint5.Task2.V22.Lib.csproj", "{0DC6644F-A73F-4F47-9E86-831C3D2EBDC3}"
EndProject
Project("{FAE04EC0-301F-11D3-BF4B-00C04F79EFBC}") = "Tyuiu.ShabalinaYP.Sprint5.Task2.V22.Test", "Tyuiu.ShabalinaYP.Sprint5.Task2.V22.Test\Tyuiu.ShabalinaYP.Sprint5.Task2.V22.Test.csproj", "{D6E92D3D-35A5-4CD8-A867-D20F157A8F80}"
EndProject
Global
	GlobalSection(SolutionConfigurationPlatforms) = preSolution
		Debug|Any CPU = Debug|Any CPU
		Release|Any CPU = Release|Any CPU
	EndGlobalSection
	GlobalSection(ProjectConfigurationPlatforms) = postSolution
		{251500E0-3318-4B59-B165-A4895E58B54F}.Debug|Any CPU.ActiveCfg = Debug|Any CPU
		{251500E0-3318-4B59-B165-A4895E58B54F}.Debug|Any CPU.Build.0 = Debug|Any CPU
		{251500E0-3318-4B59-B165-A4895E58B54F}.Release|Any CPU.ActiveCfg = Release|Any CPU
		{251500E0-3318-4B59-B165-A4895E58B54F}.Release|Any CPU.Build.0 = Release|Any CPU
		{90111E31-C142-42D9-986B-39EE784B7914}.Debug|Any CPU.ActiveCfg = Debug|Any CPU
		{90111E31-C142-42D9-986B-39EE784B7914}.Debug|Any CPU.Build.0 = Debug|Any CPU
		{90111E31-C142-42D9-986B-39EE784B7914}.Release|Any CPU.ActiveCfg = Release|Any CPU
		{90111E31-C142-42D9-986B-39EE784B7914}.Release|Any CPU.Build.0 = Release|Any CPU
		{FA5FF109-579C-40DF-AEB8-1D18C2B0BE5F}.Debug|Any CPU.ActiveCfg = Debug|Any CPU
		{FA5FF109-579C-40DF-AEB8-1D18C2B0BE5F}.Debug|Any CPU.Build.0 = Debug|Any CPU
		{FA5FF109-579C-40DF-AEB8-1D18C2B0BE5F}.Release|Any CPU.ActiveCfg = Release|Any CPU
		{FA5FF109-579C-40DF-AEB8-1D18C2B0BE5F}.Release|Any CPU.Build.0 = Release|Any CPU
		{A7848646-90A9-40A4-8786-002A5840C0EC}.Debug|Any CPU.ActiveCfg = Debug|Any CPU
		{A7848646-90A9-40A4-8786-002A5840C0EC}.Debug|Any CPU.Build.0 = Debug|Any CPU
		{A7848646-90A9-40A4-8786-002A5840C0EC}.Release|Any CPU.ActiveCfg = Release|Any CPU
		{A7848646-90A9-40A4-8786-002A5840C0EC}.Release|Any CPU.Build.0 = Release|Any CPU
		{B6D50622-5202-40EB-9D64-5906FE0261A9}.Debug|Any CPU.ActiveCfg = Debug|Any CPU
		{B6D50622-5202-40EB-9D64-5906FE0261A9}.Debug|Any CPU.Build.0 = Debug|Any CPU
		{B6D50622-5202-40EB-9D64-5906FE0261A9}.Release|Any CPU.ActiveCfg = Release|Any CPU
		{B6D50622-5202-40EB-9D64-5906FE0261A9}.Release|Any CPU.Build.0 = Release|Any CPU
		{108565D2-7565-413F-8AB7-C8EBD1203F5F}.Debug|Any CPU.ActiveCfg = Debug|Any CPU
		{108565D2-7565-413F-8AB7-C8EBD1203F5F}.Debug|Any CPU.Build.0 = Debug|Any CPU
		{108565D2-7565-413F-8AB7-C8EBD1203F5F}.Release|Any CPU.ActiveCfg = Release|Any CPU
		{108565D2-7565-413F-8AB7-C8EBD1203F5F}.Release|Any CPU.Build.0 = Release|Any CPU
		{E598AB9F-9D1D-4C86-88F5-A08506B30A90}.Debug|Any CPU.ActiveCfg = Debug|Any CPU
		{E598AB9F-9D1D-4C86-88F5-A08506B30A90}.Debug|Any CPU.Build.0 = Debug|Any CPU
		{E598AB9F-9D1D-4C86-88F5-A08506B30A90}.Release|Any CPU.ActiveCfg = Release|Any CPU
		{E598AB9F-9D1D-4C86-88F5-A08506B30A90}.Release|Any CPU.Build.0 = Release|Any CPU
		{0DC6644F-A73F-4F47-9E86-831C3D2EBDC3}.Debug|Any CPU.ActiveCfg = Debug|Any CPU
		{0DC6644F-A73F-4F47-9E86-831C3D2EBDC3}.Debug|Any CPU.Build.0 = Debug|Any CPU
		{0DC6644F-A73F-4F47-9E86-831C3D2EBDC3}.Release|Any CPU.ActiveCfg = Release|Any CPU
		{0DC6644F-A73F-4F47-9E86-831C3D2EBDC3}.Release|Any CPU.Build.0 = Release|Any CPU
		{D6E92D3D-35A5-4CD8-A867-D20F157A8F80}.Debug|Any CPU.ActiveCfg = Debug|Any CPU
		{D6E92D3D-35A5-4CD8-A867-D20F157A8F80}.Debug|Any CPU.Build.0 = Debug|Any CPU
		{D6E92D3D-35A5-4CD8-A867-D20F157A8F80}.Release|Any CPU.ActiveCfg = Release|Any CPU
		{D6E92D3D-35A5-4CD8-A867-D20F157A8F80}.Release|Any CPU.Build.0 = Release|Any CPU
	EndGlobalSection
	GlobalSection(SolutionProperties) = preSolution
		HideSolutionNode = FALSE
	EndGlobalSection
	GlobalSection(NestedProjects) = preSolution
		{251500E0-3318-4B59-B165-A4895E58B54F} = {7860F0FC-CCA0-4966-A8D3-025F8742F4DF}
		{90111E31-C142-42D9-986B-39EE784B7914} = {7860F0FC-CCA0-4966-A8D3-025F8742F4DF}
		{FA5FF109-579C-40DF-AEB8-1D18C2B0BE5F} = {7860F0FC-CCA0-4966-A8D3-025F8742F4DF}
		{A7848646-90A9-40A4-8786-002A5840C0EC} = {9612C616-798E-4C99-9314-870398DDB54D}
		{B6D50622-5202-40EB-9D64-5906FE0261A9} = {9612C616-798E-4C99-9314-870398DDB54D}
		{108565D2-7565-413F-8AB7-C8EBD1203F5F} = {9612C616-798E-4C99-9314-870398DDB54D}
		{E598AB9F-9D1D-4C86-88F5-A08506B30A90} = {D238C97B-0E17-456B-9740-539C3F8661E4}
		{0DC6644F-A73F-4F47-9E86-831C3D2EBDC3} = {D238C97B-0E17-456B-9740-539C3F8661E4}
		{D6E92D3D-35A5-4CD8-A867-D20F157A8F80} = {D238C97B-0E17-456B-9740-539C3F8661E4}
	EndGlobalSection
EndGlobal
